
Microsoft Visual Studio Solution File, Format Version 12.00
# Visual Studio Version 17
VisualStudioVersion = 17.14.36511.14 d17.14
MinimumVisualStudioVersion = 10.0.40219.1
Project("{FAE04EC0-301F-11D3-BF4B-00C04F79EFBC}") = "BookStoreApp.UI", "BookStoreApp.UI\BookStoreApp.UI.csproj", "{C11593BE-E954-4B56-B274-BBBD8C2382BD}"
EndProject
Project("{FAE04EC0-301F-11D3-BF4B-00C04F79EFBC}") = "BookStoreApp.DAL", "BookStoreApp.DAL\BookStoreApp.DAL.csproj", "{24373F42-8A00-4080-A8F9-28D4A7B76E23}"
EndProject
Project("{FAE04EC0-301F-11D3-BF4B-00C04F79EFBC}") = "BookStoreApp.BLL", "BookStoreApp.BLL\BookStoreApp.BLL.csproj", "{C1916BFD-4409-4921-A3C6-01F634E66408}"
EndProject
Global
	GlobalSection(SolutionConfigurationPlatforms) = preSolution
		Debug|Any CPU = Debug|Any CPU
		Release|Any CPU = Release|Any CPU
	EndGlobalSection
	GlobalSection(ProjectConfigurationPlatforms) = postSolution
		{C11593BE-E954-4B56-B274-BBBD8C2382BD}.Debug|Any CPU.ActiveCfg = Debug|Any CPU
		{C11593BE-E954-4B56-B274-BBBD8C2382BD}.Debug|Any CPU.Build.0 = Debug|Any CPU
		{C11593BE-E954-4B56-B274-BBBD8C2382BD}.Release|Any CPU.ActiveCfg = Release|Any CPU
		{C11593BE-E954-4B56-B274-BBBD8C2382BD}.Release|Any CPU.Build.0 = Release|Any CPU
		{24373F42-8A00-4080-A8F9-28D4A7B76E23}.Debug|Any CPU.ActiveCfg = Debug|Any CPU
		{24373F42-8A00-4080-A8F9-28D4A7B76E23}.Debug|Any CPU.Build.0 = Debug|Any CPU
		{24373F42-8A00-4080-A8F9-28D4A7B76E23}.Release|Any CPU.ActiveCfg = Release|Any CPU
		{24373F42-8A00-4080-A8F9-28D4A7B76E23}.Release|Any CPU.Build.0 = Release|Any CPU
		{C1916BFD-4409-4921-A3C6-01F634E66408}.Debug|Any CPU.ActiveCfg = Debug|Any CPU
		{C1916BFD-4409-4921-A3C6-01F634E66408}.Debug|Any CPU.Build.0 = Debug|Any CPU
		{C1916BFD-4409-4921-A3C6-01F634E66408}.Release|Any CPU.ActiveCfg = Release|Any CPU
		{C1916BFD-4409-4921-A3C6-01F634E66408}.Release|Any CPU.Build.0 = Release|Any CPU
	EndGlobalSection
	GlobalSection(SolutionProperties) = preSolution
		HideSolutionNode = FALSE
	EndGlobalSection
	GlobalSection(ExtensibilityGlobals) = postSolution
		SolutionGuid = {0C58651F-BFA7-4B2D-B752-4EFF1C1557FC}
	EndGlobalSection
EndGlobal
